
Microsoft Visual Studio Solution File, Format Version 12.00
# Visual Studio Version 16
VisualStudioVersion = 16.0.30611.23
MinimumVisualStudioVersion = 10.0.40219.1
Project("{9A19103F-16F7-4668-BE54-9A1E7A4F7556}") = "MvcEntity", "MvcEntity.csproj", "{535C9067-291A-4478-B4D5-DEE19EF42C75}"
EndProject
Project("{9A19103F-16F7-4668-BE54-9A1E7A4F7556}") = "MvcEntityAPI", "..\MvcEntityApi\MvcEntityAPI.csproj", "{BEFFC99E-D23E-494A-9F93-47AA3A9DC19A}"
EndProject
Global
	GlobalSection(SolutionConfigurationPlatforms) = preSolution
		Debug|Any CPU = Debug|Any CPU
		Release|Any CPU = Release|Any CPU
	EndGlobalSection
	GlobalSection(ProjectConfigurationPlatforms) = postSolution
		{535C9067-291A-4478-B4D5-DEE19EF42C75}.Debug|Any CPU.ActiveCfg = Debug|Any CPU
		{535C9067-291A-4478-B4D5-DEE19EF42C75}.Debug|Any CPU.Build.0 = Debug|Any CPU
		{535C9067-291A-4478-B4D5-DEE19EF42C75}.Release|Any CPU.ActiveCfg = Release|Any CPU
		{535C9067-291A-4478-B4D5-DEE19EF42C75}.Release|Any CPU.Build.0 = Release|Any CPU
		{BEFFC99E-D23E-494A-9F93-47AA3A9DC19A}.Debug|Any CPU.ActiveCfg = Debug|Any CPU
		{BEFFC99E-D23E-494A-9F93-47AA3A9DC19A}.Debug|Any CPU.Build.0 = Debug|Any CPU
		{BEFFC99E-D23E-494A-9F93-47AA3A9DC19A}.Release|Any CPU.ActiveCfg = Release|Any CPU
		{BEFFC99E-D23E-494A-9F93-47AA3A9DC19A}.Release|Any CPU.Build.0 = Release|Any CPU
	EndGlobalSection
	GlobalSection(SolutionProperties) = preSolution
		HideSolutionNode = FALSE
	EndGlobalSection
	GlobalSection(ExtensibilityGlobals) = postSolution
		SolutionGuid = {B3DFB198-6EA9-4833-8657-B6A6CF31A34E}
	EndGlobalSection
EndGlobal
